
Microsoft Visual Studio Solution File, Format Version 12.00
# Visual Studio Version 16
VisualStudioVersion = 16.0.30503.244
MinimumVisualStudioVersion = 10.0.40219.1
Project("{9A19103F-16F7-4668-BE54-9A1E7A4F7556}") = "WebApp", "WebApp\WebApp.csproj", "{12C0B6FF-D476-4CCC-BC50-742A8E6FC5AF}"
EndProject
Project("{2150E333-8FDC-42A3-9474-1A3956D46DE8}") = "Solution items", "Solution items", "{B3BB1E17-D5BA-4751-91E0-7BBF79446115}"
	ProjectSection(SolutionItems) = preProject
		..\.gitignore = ..\.gitignore
		README.md = README.md
		docker-compose.yml = docker-compose.yml
		Dockerfile = Dockerfile
	EndProjectSection
EndProject
Project("{9A19103F-16F7-4668-BE54-9A1E7A4F7556}") = "Aids", "Aids\Aids.csproj", "{A52DF3E3-2A37-48B9-9EC4-E11F4E588095}"
EndProject
Project("{9A19103F-16F7-4668-BE54-9A1E7A4F7556}") = "Data", "Data\Data.csproj", "{01D9B3C8-83AF-4F11-9F15-D4A0B064C2F6}"
EndProject
Project("{9A19103F-16F7-4668-BE54-9A1E7A4F7556}") = "Domain", "Domain\Domain.csproj", "{FE1E3C0E-28ED-454C-A257-1EC1B65CA638}"
EndProject
Project("{9A19103F-16F7-4668-BE54-9A1E7A4F7556}") = "Facade", "Facade\Facade.csproj", "{21467913-9219-4311-9A7D-8D14F34F351F}"
EndProject
Project("{9A19103F-16F7-4668-BE54-9A1E7A4F7556}") = "Infra", "Infra\Infra.csproj", "{4DF14920-2B83-4321-80AB-6C4D2278803A}"
EndProject
Project("{9A19103F-16F7-4668-BE54-9A1E7A4F7556}") = "Pages", "Pages\Pages.csproj", "{C61BCAE1-3E66-4F6B-8F7C-C513881D2BD3}"
EndProject
Project("{FAE04EC0-301F-11D3-BF4B-00C04F79EFBC}") = "Tests", "..\Tests\Tests.csproj", "{F4CB1E8C-5285-4A8F-903F-4C358A0DC29A}"
EndProject
Global
	GlobalSection(SolutionConfigurationPlatforms) = preSolution
		Debug|Any CPU = Debug|Any CPU
		Release|Any CPU = Release|Any CPU
	EndGlobalSection
	GlobalSection(ProjectConfigurationPlatforms) = postSolution
		{12C0B6FF-D476-4CCC-BC50-742A8E6FC5AF}.Debug|Any CPU.ActiveCfg = Debug|Any CPU
		{12C0B6FF-D476-4CCC-BC50-742A8E6FC5AF}.Debug|Any CPU.Build.0 = Debug|Any CPU
		{12C0B6FF-D476-4CCC-BC50-742A8E6FC5AF}.Release|Any CPU.ActiveCfg = Release|Any CPU
		{12C0B6FF-D476-4CCC-BC50-742A8E6FC5AF}.Release|Any CPU.Build.0 = Release|Any CPU
		{A52DF3E3-2A37-48B9-9EC4-E11F4E588095}.Debug|Any CPU.ActiveCfg = Debug|Any CPU
		{A52DF3E3-2A37-48B9-9EC4-E11F4E588095}.Debug|Any CPU.Build.0 = Debug|Any CPU
		{A52DF3E3-2A37-48B9-9EC4-E11F4E588095}.Release|Any CPU.ActiveCfg = Release|Any CPU
		{A52DF3E3-2A37-48B9-9EC4-E11F4E588095}.Release|Any CPU.Build.0 = Release|Any CPU
		{01D9B3C8-83AF-4F11-9F15-D4A0B064C2F6}.Debug|Any CPU.ActiveCfg = Debug|Any CPU
		{01D9B3C8-83AF-4F11-9F15-D4A0B064C2F6}.Debug|Any CPU.Build.0 = Debug|Any CPU
		{01D9B3C8-83AF-4F11-9F15-D4A0B064C2F6}.Release|Any CPU.ActiveCfg = Release|Any CPU
		{01D9B3C8-83AF-4F11-9F15-D4A0B064C2F6}.Release|Any CPU.Build.0 = Release|Any CPU
		{FE1E3C0E-28ED-454C-A257-1EC1B65CA638}.Debug|Any CPU.ActiveCfg = Debug|Any CPU
		{FE1E3C0E-28ED-454C-A257-1EC1B65CA638}.Debug|Any CPU.Build.0 = Debug|Any CPU
		{FE1E3C0E-28ED-454C-A257-1EC1B65CA638}.Release|Any CPU.ActiveCfg = Release|Any CPU
		{FE1E3C0E-28ED-454C-A257-1EC1B65CA638}.Release|Any CPU.Build.0 = Release|Any CPU
		{21467913-9219-4311-9A7D-8D14F34F351F}.Debug|Any CPU.ActiveCfg = Debug|Any CPU
		{21467913-9219-4311-9A7D-8D14F34F351F}.Debug|Any CPU.Build.0 = Debug|Any CPU
		{21467913-9219-4311-9A7D-8D14F34F351F}.Release|Any CPU.ActiveCfg = Release|Any CPU
		{21467913-9219-4311-9A7D-8D14F34F351F}.Release|Any CPU.Build.0 = Release|Any CPU
		{4DF14920-2B83-4321-80AB-6C4D2278803A}.Debug|Any CPU.ActiveCfg = Debug|Any CPU
		{4DF14920-2B83-4321-80AB-6C4D2278803A}.Debug|Any CPU.Build.0 = Debug|Any CPU
		{4DF14920-2B83-4321-80AB-6C4D2278803A}.Release|Any CPU.ActiveCfg = Release|Any CPU
		{4DF14920-2B83-4321-80AB-6C4D2278803A}.Release|Any CPU.Build.0 = Release|Any CPU
		{C61BCAE1-3E66-4F6B-8F7C-C513881D2BD3}.Debug|Any CPU.ActiveCfg = Debug|Any CPU
		{C61BCAE1-3E66-4F6B-8F7C-C513881D2BD3}.Debug|Any CPU.Build.0 = Debug|Any CPU
		{C61BCAE1-3E66-4F6B-8F7C-C513881D2BD3}.Release|Any CPU.ActiveCfg = Release|Any CPU
		{C61BCAE1-3E66-4F6B-8F7C-C513881D2BD3}.Release|Any CPU.Build.0 = Release|Any CPU
		{F4CB1E8C-5285-4A8F-903F-4C358A0DC29A}.Debug|Any CPU.ActiveCfg = Debug|Any CPU
		{F4CB1E8C-5285-4A8F-903F-4C358A0DC29A}.Debug|Any CPU.Build.0 = Debug|Any CPU
		{F4CB1E8C-5285-4A8F-903F-4C358A0DC29A}.Release|Any CPU.ActiveCfg = Release|Any CPU
		{F4CB1E8C-5285-4A8F-903F-4C358A0DC29A}.Release|Any CPU.Build.0 = Release|Any CPU
	EndGlobalSection
	GlobalSection(SolutionProperties) = preSolution
		HideSolutionNode = FALSE
	EndGlobalSection
	GlobalSection(ExtensibilityGlobals) = postSolution
		SolutionGuid = {4D155C96-641B-4997-8FC1-5C6E7C759B72}
	EndGlobalSection
EndGlobal
